
Microsoft Visual Studio Solution File, Format Version 12.00
# Visual Studio Version 16
VisualStudioVersion = 16.0.31613.86
MinimumVisualStudioVersion = 10.0.40219.1
Project("{FAE04EC0-301F-11D3-BF4B-00C04F79EFBC}") = "RPH", "RPH.csproj", "{D599BB1A-2864-4719-8F97-796D061E80DC}"
EndProject
Global
	GlobalSection(SolutionConfigurationPlatforms) = preSolution
		Debug|Any CPU = Debug|Any CPU
		Release|Any CPU = Release|Any CPU
	EndGlobalSection
	GlobalSection(ProjectConfigurationPlatforms) = postSolution
		{D599BB1A-2864-4719-8F97-796D061E80DC}.Debug|Any CPU.ActiveCfg = Debug|Any CPU
		{D599BB1A-2864-4719-8F97-796D061E80DC}.Debug|Any CPU.Build.0 = Debug|Any CPU
		{D599BB1A-2864-4719-8F97-796D061E80DC}.Release|Any CPU.ActiveCfg = Release|Any CPU
		{D599BB1A-2864-4719-8F97-796D061E80DC}.Release|Any CPU.Build.0 = Release|Any CPU
	EndGlobalSection
	GlobalSection(SolutionProperties) = preSolution
		HideSolutionNode = FALSE
	EndGlobalSection
	GlobalSection(ExtensibilityGlobals) = postSolution
		SolutionGuid = {CBBC8235-DA49-406C-BA11-097288DCE2C3}
	EndGlobalSection
EndGlobal
